
Microsoft Visual Studio Solution File, Format Version 11.00
# Visual Studio 2010
Project("{FAE04EC0-301F-11D3-BF4B-00C04F79EFBC}") = "SGElite", "Assembly-CSharp.csproj", "{95FD336A-0157-F393-236B-54B9C3E31F53}"
EndProject
Project("{FAE04EC0-301F-11D3-BF4B-00C04F79EFBC}") = "SGElite", "Assembly-CSharp-Editor.csproj", "{7827573F-A3B3-027A-5A0A-5149D3344168}"
EndProject
Global
	GlobalSection(SolutionConfigurationPlatforms) = preSolution
		Debug|Any CPU = Debug|Any CPU
		Release|Any CPU = Release|Any CPU
	EndGlobalSection
	GlobalSection(ProjectConfigurationPlatforms) = postSolution
		{95FD336A-0157-F393-236B-54B9C3E31F53}.Debug|Any CPU.ActiveCfg = Debug|Any CPU
		{95FD336A-0157-F393-236B-54B9C3E31F53}.Debug|Any CPU.Build.0 = Debug|Any CPU
		{95FD336A-0157-F393-236B-54B9C3E31F53}.Release|Any CPU.ActiveCfg = Release|Any CPU
		{95FD336A-0157-F393-236B-54B9C3E31F53}.Release|Any CPU.Build.0 = Release|Any CPU
		{7827573F-A3B3-027A-5A0A-5149D3344168}.Debug|Any CPU.ActiveCfg = Debug|Any CPU
		{7827573F-A3B3-027A-5A0A-5149D3344168}.Debug|Any CPU.Build.0 = Debug|Any CPU
		{7827573F-A3B3-027A-5A0A-5149D3344168}.Release|Any CPU.ActiveCfg = Release|Any CPU
		{7827573F-A3B3-027A-5A0A-5149D3344168}.Release|Any CPU.Build.0 = Release|Any CPU
	EndGlobalSection
	GlobalSection(SolutionProperties) = preSolution
		HideSolutionNode = FALSE
	EndGlobalSection
	GlobalSection(MonoDevelopProperties) = preSolution
		StartupItem = Assembly-CSharp.csproj
	EndGlobalSection
EndGlobal
